
Microsoft Visual Studio Solution File, Format Version 12.00
# Visual Studio Version 17
VisualStudioVersion = 17.2.32630.192
MinimumVisualStudioVersion = 10.0.40219.1
Project("{FAE04EC0-301F-11D3-BF4B-00C04F79EFBC}") = "Exercice", "Exercice.csproj", "{91D559E7-09D1-45A0-92B3-CCB8F33A5DE4}"
EndProject
Global
	GlobalSection(SolutionConfigurationPlatforms) = preSolution
		Debug|Any CPU = Debug|Any CPU
		Release|Any CPU = Release|Any CPU
	EndGlobalSection
	GlobalSection(ProjectConfigurationPlatforms) = postSolution
		{91D559E7-09D1-45A0-92B3-CCB8F33A5DE4}.Debug|Any CPU.ActiveCfg = Debug|Any CPU
		{91D559E7-09D1-45A0-92B3-CCB8F33A5DE4}.Debug|Any CPU.Build.0 = Debug|Any CPU
		{91D559E7-09D1-45A0-92B3-CCB8F33A5DE4}.Release|Any CPU.ActiveCfg = Release|Any CPU
		{91D559E7-09D1-45A0-92B3-CCB8F33A5DE4}.Release|Any CPU.Build.0 = Release|Any CPU
	EndGlobalSection
	GlobalSection(SolutionProperties) = preSolution
		HideSolutionNode = FALSE
	EndGlobalSection
	GlobalSection(ExtensibilityGlobals) = postSolution
		SolutionGuid = {C3380385-B25D-4B08-8F0C-30B3CC11EDA2}
	EndGlobalSection
EndGlobal
